
Microsoft Visual Studio Solution File, Format Version 12.00
# Visual Studio Version 17
VisualStudioVersion = 17.1.32210.238
MinimumVisualStudioVersion = 10.0.40219.1
Project("{9A19103F-16F7-4668-BE54-9A1E7A4F7556}") = "IMS.WebApp", "IMS.WebApp\IMS.WebApp.csproj", "{16414C50-9809-4C7F-8894-83F8C56B9374}"
EndProject
Project("{9A19103F-16F7-4668-BE54-9A1E7A4F7556}") = "IMS.Application", "IMS.Application\IMS.Application.csproj", "{F6E37D0E-D3BD-47AC-82AF-E0DE8ACA2179}"
EndProject
Project("{9A19103F-16F7-4668-BE54-9A1E7A4F7556}") = "IMS.Persistence", "IMS.Persistence\IMS.Persistence.csproj", "{5343637F-1399-4C5C-A1AB-1FB131732049}"
EndProject
Project("{9A19103F-16F7-4668-BE54-9A1E7A4F7556}") = "IMS.Domain", "IMS.Domain\IMS.Domain.csproj", "{6A5D4EC0-620A-4704-8D80-9F025335ED65}"
EndProject
Project("{2150E333-8FDC-42A3-9474-1A3956D46DE8}") = "src", "src", "{98CE0DCC-F262-4ECC-BEA2-C5DFF0FC2A37}"
EndProject
Project("{2150E333-8FDC-42A3-9474-1A3956D46DE8}") = "Core", "Core", "{3CCF9D50-B142-4F9F-B6CB-112C988877D0}"
EndProject
Project("{2150E333-8FDC-42A3-9474-1A3956D46DE8}") = "Infrastructure", "Infrastructure", "{185D680D-0165-4976-9BE0-ACC0B7A1E74E}"
EndProject
Project("{2150E333-8FDC-42A3-9474-1A3956D46DE8}") = "UI", "UI", "{038D08AA-1F71-4F8D-B13E-F6B5BFF2AB23}"
EndProject
Global
	GlobalSection(SolutionConfigurationPlatforms) = preSolution
		Debug|Any CPU = Debug|Any CPU
		Release|Any CPU = Release|Any CPU
	EndGlobalSection
	GlobalSection(ProjectConfigurationPlatforms) = postSolution
		{16414C50-9809-4C7F-8894-83F8C56B9374}.Debug|Any CPU.ActiveCfg = Debug|Any CPU
		{16414C50-9809-4C7F-8894-83F8C56B9374}.Debug|Any CPU.Build.0 = Debug|Any CPU
		{16414C50-9809-4C7F-8894-83F8C56B9374}.Release|Any CPU.ActiveCfg = Release|Any CPU
		{16414C50-9809-4C7F-8894-83F8C56B9374}.Release|Any CPU.Build.0 = Release|Any CPU
		{F6E37D0E-D3BD-47AC-82AF-E0DE8ACA2179}.Debug|Any CPU.ActiveCfg = Debug|Any CPU
		{F6E37D0E-D3BD-47AC-82AF-E0DE8ACA2179}.Debug|Any CPU.Build.0 = Debug|Any CPU
		{F6E37D0E-D3BD-47AC-82AF-E0DE8ACA2179}.Release|Any CPU.ActiveCfg = Release|Any CPU
		{F6E37D0E-D3BD-47AC-82AF-E0DE8ACA2179}.Release|Any CPU.Build.0 = Release|Any CPU
		{5343637F-1399-4C5C-A1AB-1FB131732049}.Debug|Any CPU.ActiveCfg = Debug|Any CPU
		{5343637F-1399-4C5C-A1AB-1FB131732049}.Debug|Any CPU.Build.0 = Debug|Any CPU
		{5343637F-1399-4C5C-A1AB-1FB131732049}.Release|Any CPU.ActiveCfg = Release|Any CPU
		{5343637F-1399-4C5C-A1AB-1FB131732049}.Release|Any CPU.Build.0 = Release|Any CPU
		{6A5D4EC0-620A-4704-8D80-9F025335ED65}.Debug|Any CPU.ActiveCfg = Debug|Any CPU
		{6A5D4EC0-620A-4704-8D80-9F025335ED65}.Debug|Any CPU.Build.0 = Debug|Any CPU
		{6A5D4EC0-620A-4704-8D80-9F025335ED65}.Release|Any CPU.ActiveCfg = Release|Any CPU
		{6A5D4EC0-620A-4704-8D80-9F025335ED65}.Release|Any CPU.Build.0 = Release|Any CPU
	EndGlobalSection
	GlobalSection(SolutionProperties) = preSolution
		HideSolutionNode = FALSE
	EndGlobalSection
	GlobalSection(NestedProjects) = preSolution
		{16414C50-9809-4C7F-8894-83F8C56B9374} = {038D08AA-1F71-4F8D-B13E-F6B5BFF2AB23}
		{F6E37D0E-D3BD-47AC-82AF-E0DE8ACA2179} = {3CCF9D50-B142-4F9F-B6CB-112C988877D0}
		{5343637F-1399-4C5C-A1AB-1FB131732049} = {185D680D-0165-4976-9BE0-ACC0B7A1E74E}
		{6A5D4EC0-620A-4704-8D80-9F025335ED65} = {3CCF9D50-B142-4F9F-B6CB-112C988877D0}
		{3CCF9D50-B142-4F9F-B6CB-112C988877D0} = {98CE0DCC-F262-4ECC-BEA2-C5DFF0FC2A37}
		{185D680D-0165-4976-9BE0-ACC0B7A1E74E} = {98CE0DCC-F262-4ECC-BEA2-C5DFF0FC2A37}
		{038D08AA-1F71-4F8D-B13E-F6B5BFF2AB23} = {98CE0DCC-F262-4ECC-BEA2-C5DFF0FC2A37}
	EndGlobalSection
	GlobalSection(ExtensibilityGlobals) = postSolution
		SolutionGuid = {8D28C66C-E186-4AD9-BA13-1A940AF9D3F1}
	EndGlobalSection
EndGlobal
